
Microsoft Visual Studio Solution File, Format Version 12.00
# Visual Studio 15
VisualStudioVersion = 15.0.28307.1267
MinimumVisualStudioVersion = 10.0.40219.1
Project("{FAE04EC0-301F-11D3-BF4B-00C04F79EFBC}") = "Projekat1", "Projekat1\Projekat1.csproj", "{71689EC0-67BB-433F-B327-B222A35F9EF9}"
EndProject
Global
	GlobalSection(SolutionConfigurationPlatforms) = preSolution
		Debug|Any CPU = Debug|Any CPU
		Release|Any CPU = Release|Any CPU
	EndGlobalSection
	GlobalSection(ProjectConfigurationPlatforms) = postSolution
		{71689EC0-67BB-433F-B327-B222A35F9EF9}.Debug|Any CPU.ActiveCfg = Debug|Any CPU
		{71689EC0-67BB-433F-B327-B222A35F9EF9}.Debug|Any CPU.Build.0 = Debug|Any CPU
		{71689EC0-67BB-433F-B327-B222A35F9EF9}.Release|Any CPU.ActiveCfg = Release|Any CPU
		{71689EC0-67BB-433F-B327-B222A35F9EF9}.Release|Any CPU.Build.0 = Release|Any CPU
	EndGlobalSection
	GlobalSection(SolutionProperties) = preSolution
		HideSolutionNode = FALSE
	EndGlobalSection
	GlobalSection(ExtensibilityGlobals) = postSolution
		SolutionGuid = {E22E81CF-E422-4B82-B026-E6BD04C82507}
	EndGlobalSection
EndGlobal
